
Microsoft Visual Studio Solution File, Format Version 12.00
# Visual Studio Version 17
VisualStudioVersion = 17.11.35327.3
MinimumVisualStudioVersion = 10.0.40219.1
Project("{FAE04EC0-301F-11D3-BF4B-00C04F79EFBC}") = "Task10", "Task10.csproj", "{1A9AA409-E6DB-49D6-9F3D-FDF87B400261}"
EndProject
Global
	GlobalSection(SolutionConfigurationPlatforms) = preSolution
		Debug|Any CPU = Debug|Any CPU
		Release|Any CPU = Release|Any CPU
	EndGlobalSection
	GlobalSection(ProjectConfigurationPlatforms) = postSolution
		{1A9AA409-E6DB-49D6-9F3D-FDF87B400261}.Debug|Any CPU.ActiveCfg = Debug|Any CPU
		{1A9AA409-E6DB-49D6-9F3D-FDF87B400261}.Debug|Any CPU.Build.0 = Debug|Any CPU
		{1A9AA409-E6DB-49D6-9F3D-FDF87B400261}.Release|Any CPU.ActiveCfg = Release|Any CPU
		{1A9AA409-E6DB-49D6-9F3D-FDF87B400261}.Release|Any CPU.Build.0 = Release|Any CPU
	EndGlobalSection
	GlobalSection(SolutionProperties) = preSolution
		HideSolutionNode = FALSE
	EndGlobalSection
	GlobalSection(ExtensibilityGlobals) = postSolution
		SolutionGuid = {6418D49A-AEE5-4598-BC57-E673383ED197}
	EndGlobalSection
EndGlobal
