
Microsoft Visual Studio Solution File, Format Version 12.00
# Visual Studio Version 17
VisualStudioVersion = 17.11.35327.3
MinimumVisualStudioVersion = 10.0.40219.1
Project("{FAE04EC0-301F-11D3-BF4B-00C04F79EFBC}") = "Task13", "Task13.csproj", "{52DE778B-CC44-4B3B-9FF6-ED22A30DC325}"
EndProject
Global
	GlobalSection(SolutionConfigurationPlatforms) = preSolution
		Debug|Any CPU = Debug|Any CPU
		Release|Any CPU = Release|Any CPU
	EndGlobalSection
	GlobalSection(ProjectConfigurationPlatforms) = postSolution
		{52DE778B-CC44-4B3B-9FF6-ED22A30DC325}.Debug|Any CPU.ActiveCfg = Debug|Any CPU
		{52DE778B-CC44-4B3B-9FF6-ED22A30DC325}.Debug|Any CPU.Build.0 = Debug|Any CPU
		{52DE778B-CC44-4B3B-9FF6-ED22A30DC325}.Release|Any CPU.ActiveCfg = Release|Any CPU
		{52DE778B-CC44-4B3B-9FF6-ED22A30DC325}.Release|Any CPU.Build.0 = Release|Any CPU
	EndGlobalSection
	GlobalSection(SolutionProperties) = preSolution
		HideSolutionNode = FALSE
	EndGlobalSection
	GlobalSection(ExtensibilityGlobals) = postSolution
		SolutionGuid = {86003520-B1EA-4F57-8153-D9F1C0B8FC63}
	EndGlobalSection
EndGlobal
