
Microsoft Visual Studio Solution File, Format Version 12.00
# Visual Studio Version 17
VisualStudioVersion = 17.11.35327.3
MinimumVisualStudioVersion = 10.0.40219.1
Project("{FAE04EC0-301F-11D3-BF4B-00C04F79EFBC}") = "Task14", "Task14.csproj", "{8A8BBA33-2C4F-46BD-9515-B3CCE479EBE3}"
EndProject
Global
	GlobalSection(SolutionConfigurationPlatforms) = preSolution
		Debug|Any CPU = Debug|Any CPU
		Release|Any CPU = Release|Any CPU
	EndGlobalSection
	GlobalSection(ProjectConfigurationPlatforms) = postSolution
		{8A8BBA33-2C4F-46BD-9515-B3CCE479EBE3}.Debug|Any CPU.ActiveCfg = Debug|Any CPU
		{8A8BBA33-2C4F-46BD-9515-B3CCE479EBE3}.Debug|Any CPU.Build.0 = Debug|Any CPU
		{8A8BBA33-2C4F-46BD-9515-B3CCE479EBE3}.Release|Any CPU.ActiveCfg = Release|Any CPU
		{8A8BBA33-2C4F-46BD-9515-B3CCE479EBE3}.Release|Any CPU.Build.0 = Release|Any CPU
	EndGlobalSection
	GlobalSection(SolutionProperties) = preSolution
		HideSolutionNode = FALSE
	EndGlobalSection
	GlobalSection(ExtensibilityGlobals) = postSolution
		SolutionGuid = {DE3E1104-CB3E-4DD5-894C-65F528B79726}
	EndGlobalSection
EndGlobal
